
Microsoft Visual Studio Solution File, Format Version 12.00
# Visual Studio 15
Project("{FAE04EC0-301F-11D3-BF4B-00C04F79EFBC}") = "NETPEX", "NETPEX\NETPEX.csproj", "{32CAF766-865A-4FA2-934E-C174BB2DE51B}"
EndProject
Global
	GlobalSection(SolutionConfigurationPlatforms) = preSolution
		Debug|anycpu = Debug|anycpu
		Release|anycpu = Release|anycpu
	EndGlobalSection
	GlobalSection(ProjectConfigurationPlatforms) = postSolution
		{32CAF766-865A-4FA2-934E-C174BB2DE51B}.Debug|anycpu.ActiveCfg = Debug|anycpu
		{32CAF766-865A-4FA2-934E-C174BB2DE51B}.Debug|anycpu.Build.0 = Debug|anycpu
		{32CAF766-865A-4FA2-934E-C174BB2DE51B}.Release|anycpu.ActiveCfg = Release|anycpu
		{32CAF766-865A-4FA2-934E-C174BB2DE51B}.Release|anycpu.Build.0 = Release|anycpu
	EndGlobalSection
EndGlobal
